
Microsoft Visual Studio Solution File, Format Version 12.00
# Visual Studio Version 16
VisualStudioVersion = 16.0.30907.101
MinimumVisualStudioVersion = 10.0.40219.1
Project("{FAE04EC0-301F-11D3-BF4B-00C04F79EFBC}") = "FarawayIsles", "FarawayIsles.csproj", "{05E30E2A-3849-4AA8-8FF2-40CF4EFF35FD}"
EndProject
Global
	GlobalSection(SolutionConfigurationPlatforms) = preSolution
		Debug|Any CPU = Debug|Any CPU
		Release|Any CPU = Release|Any CPU
	EndGlobalSection
	GlobalSection(ProjectConfigurationPlatforms) = postSolution
		{05E30E2A-3849-4AA8-8FF2-40CF4EFF35FD}.Debug|Any CPU.ActiveCfg = Debug|Any CPU
		{05E30E2A-3849-4AA8-8FF2-40CF4EFF35FD}.Debug|Any CPU.Build.0 = Debug|Any CPU
		{05E30E2A-3849-4AA8-8FF2-40CF4EFF35FD}.Release|Any CPU.ActiveCfg = Release|Any CPU
		{05E30E2A-3849-4AA8-8FF2-40CF4EFF35FD}.Release|Any CPU.Build.0 = Release|Any CPU
	EndGlobalSection
	GlobalSection(SolutionProperties) = preSolution
		HideSolutionNode = FALSE
	EndGlobalSection
	GlobalSection(ExtensibilityGlobals) = postSolution
		SolutionGuid = {F7B075D9-F71D-4CDB-B6C5-B07F92DBBC49}
	EndGlobalSection
EndGlobal
